
Microsoft Visual Studio Solution File, Format Version 12.00
# Visual Studio Version 16
VisualStudioVersion = 16.0.30804.86
MinimumVisualStudioVersion = 10.0.40219.1
Project("{FAE04EC0-301F-11D3-BF4B-00C04F79EFBC}") = "iCalendar", "iCalendar\iCalendar.csproj", "{C56F7F93-F3AD-46C5-8234-98E62B1A5114}"
EndProject
Global
	GlobalSection(SolutionConfigurationPlatforms) = preSolution
		Debug|Any CPU = Debug|Any CPU
		Release|Any CPU = Release|Any CPU
	EndGlobalSection
	GlobalSection(ProjectConfigurationPlatforms) = postSolution
		{C56F7F93-F3AD-46C5-8234-98E62B1A5114}.Debug|Any CPU.ActiveCfg = Debug|Any CPU
		{C56F7F93-F3AD-46C5-8234-98E62B1A5114}.Debug|Any CPU.Build.0 = Debug|Any CPU
		{C56F7F93-F3AD-46C5-8234-98E62B1A5114}.Release|Any CPU.ActiveCfg = Release|Any CPU
		{C56F7F93-F3AD-46C5-8234-98E62B1A5114}.Release|Any CPU.Build.0 = Release|Any CPU
	EndGlobalSection
	GlobalSection(SolutionProperties) = preSolution
		HideSolutionNode = FALSE
	EndGlobalSection
	GlobalSection(ExtensibilityGlobals) = postSolution
		SolutionGuid = {11AB09DC-416B-4122-8026-A714B160BB00}
	EndGlobalSection
EndGlobal
